
Microsoft Visual Studio Solution File, Format Version 12.00
# Visual Studio Version 16
VisualStudioVersion = 16.0.31229.75
MinimumVisualStudioVersion = 10.0.40219.1
Project("{9092AA53-FB77-4645-B42D-1CCCA6BD08BD}") = "NodeJS_React_Power_Rangers_TicTacToe", "NodeJS_React_Power_Rangers_TicTacToe\NodeJS_React_Power_Rangers_TicTacToe.njsproj", "{595356BB-380E-4AEA-9418-31CF9450C44E}"
EndProject
Global
	GlobalSection(SolutionConfigurationPlatforms) = preSolution
		Debug|Any CPU = Debug|Any CPU
		Release|Any CPU = Release|Any CPU
	EndGlobalSection
	GlobalSection(ProjectConfigurationPlatforms) = postSolution
		{595356BB-380E-4AEA-9418-31CF9450C44E}.Debug|Any CPU.ActiveCfg = Debug|Any CPU
		{595356BB-380E-4AEA-9418-31CF9450C44E}.Debug|Any CPU.Build.0 = Debug|Any CPU
		{595356BB-380E-4AEA-9418-31CF9450C44E}.Release|Any CPU.ActiveCfg = Release|Any CPU
		{595356BB-380E-4AEA-9418-31CF9450C44E}.Release|Any CPU.Build.0 = Release|Any CPU
	EndGlobalSection
	GlobalSection(SolutionProperties) = preSolution
		HideSolutionNode = FALSE
	EndGlobalSection
	GlobalSection(ExtensibilityGlobals) = postSolution
		SolutionGuid = {9368579B-2345-4082-BA18-E71009D90FCB}
	EndGlobalSection
EndGlobal
